
Microsoft Visual Studio Solution File, Format Version 12.00
# Visual Studio Version 16
VisualStudioVersion = 16.0.31729.503
MinimumVisualStudioVersion = 10.0.40219.1
Project("{FAE04EC0-301F-11D3-BF4B-00C04F79EFBC}") = "HesapMakinesi", "HesapMakinesi\HesapMakinesi.csproj", "{D83806E5-D307-410C-BFEF-CD669EF56397}"
EndProject
Global
	GlobalSection(SolutionConfigurationPlatforms) = preSolution
		Debug|Any CPU = Debug|Any CPU
		Release|Any CPU = Release|Any CPU
	EndGlobalSection
	GlobalSection(ProjectConfigurationPlatforms) = postSolution
		{D83806E5-D307-410C-BFEF-CD669EF56397}.Debug|Any CPU.ActiveCfg = Debug|Any CPU
		{D83806E5-D307-410C-BFEF-CD669EF56397}.Debug|Any CPU.Build.0 = Debug|Any CPU
		{D83806E5-D307-410C-BFEF-CD669EF56397}.Release|Any CPU.ActiveCfg = Release|Any CPU
		{D83806E5-D307-410C-BFEF-CD669EF56397}.Release|Any CPU.Build.0 = Release|Any CPU
	EndGlobalSection
	GlobalSection(SolutionProperties) = preSolution
		HideSolutionNode = FALSE
	EndGlobalSection
	GlobalSection(ExtensibilityGlobals) = postSolution
		SolutionGuid = {06A0423B-5FA0-4A53-B491-C7503C544D21}
	EndGlobalSection
EndGlobal
